
Microsoft Visual Studio Solution File, Format Version 12.00
Project("{FAE04EC0-301F-11D3-BF4B-00C04F79EFBC}") = "USDtoBGN", "USDtoBGN\USDtoBGN.csproj", "{F7E117CE-740D-4725-8830-66DBCE0289B3}"
EndProject
Project("{FAE04EC0-301F-11D3-BF4B-00C04F79EFBC}") = "RadiansToDegrees", "RadiansToDegrees\RadiansToDegrees.csproj", "{734F40BF-E875-47F4-BE0E-C37D0D2B6578}"
EndProject
Project("{2150E333-8FDC-42A3-9474-1A3956D46DE8}") = "FirstStepsInCoding", "FirstStepsInCoding", "{4EFFFEFF-3E59-4C2C-8129-A068CC244A8B}"
EndProject
Project("{FAE04EC0-301F-11D3-BF4B-00C04F79EFBC}") = "depositCalculator", "depositCalculator\depositCalculator.csproj", "{6038FAF7-A62B-44F5-88E4-5B52070E687C}"
EndProject
Project("{FAE04EC0-301F-11D3-BF4B-00C04F79EFBC}") = "vacationBooksList", "vacationBooksList\vacationBooksList.csproj", "{9182FA90-77C0-429D-BA6A-E936260FFEB6}"
EndProject
Project("{FAE04EC0-301F-11D3-BF4B-00C04F79EFBC}") = "fishTank", "fishTank\fishTank.csproj", "{F27646F3-CFA8-4B9B-A06D-5D6AE7BD99CE}"
EndProject
Project("{2150E333-8FDC-42A3-9474-1A3956D46DE8}") = "exams", "exams", "{6EBCC9A6-B59D-4106-A6C9-75C8997DFC44}"
EndProject
Project("{FAE04EC0-301F-11D3-BF4B-00C04F79EFBC}") = "birthdayParty", "birthdayParty\birthdayParty.csproj", "{05E0404C-E738-462A-9046-ECD3B3DE5603}"
EndProject
Project("{FAE04EC0-301F-11D3-BF4B-00C04F79EFBC}") = "catWalking", "catWalking\catWalking.csproj", "{D24C656B-8FB1-40D3-89E3-55C53CBD223D}"
EndProject
Project("{FAE04EC0-301F-11D3-BF4B-00C04F79EFBC}") = "energyBooster", "energyBooster\energyBooster.csproj", "{922333F4-B36F-4C1E-AF82-46FF928C8E05}"
EndProject
Project("{FAE04EC0-301F-11D3-BF4B-00C04F79EFBC}") = "foodForPets", "foodForPets\foodForPets.csproj", "{E9C6022E-4D8A-4041-9AB1-F48D6C8927C7}"
EndProject
Global
	GlobalSection(SolutionConfigurationPlatforms) = preSolution
		Debug|Any CPU = Debug|Any CPU
		Release|Any CPU = Release|Any CPU
	EndGlobalSection
	GlobalSection(ProjectConfigurationPlatforms) = postSolution
		{F7E117CE-740D-4725-8830-66DBCE0289B3}.Debug|Any CPU.ActiveCfg = Debug|Any CPU
		{F7E117CE-740D-4725-8830-66DBCE0289B3}.Debug|Any CPU.Build.0 = Debug|Any CPU
		{F7E117CE-740D-4725-8830-66DBCE0289B3}.Release|Any CPU.ActiveCfg = Release|Any CPU
		{F7E117CE-740D-4725-8830-66DBCE0289B3}.Release|Any CPU.Build.0 = Release|Any CPU
		{734F40BF-E875-47F4-BE0E-C37D0D2B6578}.Debug|Any CPU.ActiveCfg = Debug|Any CPU
		{734F40BF-E875-47F4-BE0E-C37D0D2B6578}.Debug|Any CPU.Build.0 = Debug|Any CPU
		{734F40BF-E875-47F4-BE0E-C37D0D2B6578}.Release|Any CPU.ActiveCfg = Release|Any CPU
		{734F40BF-E875-47F4-BE0E-C37D0D2B6578}.Release|Any CPU.Build.0 = Release|Any CPU
		{6038FAF7-A62B-44F5-88E4-5B52070E687C}.Debug|Any CPU.ActiveCfg = Debug|Any CPU
		{6038FAF7-A62B-44F5-88E4-5B52070E687C}.Debug|Any CPU.Build.0 = Debug|Any CPU
		{6038FAF7-A62B-44F5-88E4-5B52070E687C}.Release|Any CPU.ActiveCfg = Release|Any CPU
		{6038FAF7-A62B-44F5-88E4-5B52070E687C}.Release|Any CPU.Build.0 = Release|Any CPU
		{9182FA90-77C0-429D-BA6A-E936260FFEB6}.Debug|Any CPU.ActiveCfg = Debug|Any CPU
		{9182FA90-77C0-429D-BA6A-E936260FFEB6}.Debug|Any CPU.Build.0 = Debug|Any CPU
		{9182FA90-77C0-429D-BA6A-E936260FFEB6}.Release|Any CPU.ActiveCfg = Release|Any CPU
		{9182FA90-77C0-429D-BA6A-E936260FFEB6}.Release|Any CPU.Build.0 = Release|Any CPU
		{F27646F3-CFA8-4B9B-A06D-5D6AE7BD99CE}.Debug|Any CPU.ActiveCfg = Debug|Any CPU
		{F27646F3-CFA8-4B9B-A06D-5D6AE7BD99CE}.Debug|Any CPU.Build.0 = Debug|Any CPU
		{F27646F3-CFA8-4B9B-A06D-5D6AE7BD99CE}.Release|Any CPU.ActiveCfg = Release|Any CPU
		{F27646F3-CFA8-4B9B-A06D-5D6AE7BD99CE}.Release|Any CPU.Build.0 = Release|Any CPU
		{05E0404C-E738-462A-9046-ECD3B3DE5603}.Debug|Any CPU.ActiveCfg = Debug|Any CPU
		{05E0404C-E738-462A-9046-ECD3B3DE5603}.Debug|Any CPU.Build.0 = Debug|Any CPU
		{05E0404C-E738-462A-9046-ECD3B3DE5603}.Release|Any CPU.ActiveCfg = Release|Any CPU
		{05E0404C-E738-462A-9046-ECD3B3DE5603}.Release|Any CPU.Build.0 = Release|Any CPU
		{D24C656B-8FB1-40D3-89E3-55C53CBD223D}.Debug|Any CPU.ActiveCfg = Debug|Any CPU
		{D24C656B-8FB1-40D3-89E3-55C53CBD223D}.Debug|Any CPU.Build.0 = Debug|Any CPU
		{D24C656B-8FB1-40D3-89E3-55C53CBD223D}.Release|Any CPU.ActiveCfg = Release|Any CPU
		{D24C656B-8FB1-40D3-89E3-55C53CBD223D}.Release|Any CPU.Build.0 = Release|Any CPU
		{922333F4-B36F-4C1E-AF82-46FF928C8E05}.Debug|Any CPU.ActiveCfg = Debug|Any CPU
		{922333F4-B36F-4C1E-AF82-46FF928C8E05}.Debug|Any CPU.Build.0 = Debug|Any CPU
		{922333F4-B36F-4C1E-AF82-46FF928C8E05}.Release|Any CPU.ActiveCfg = Release|Any CPU
		{922333F4-B36F-4C1E-AF82-46FF928C8E05}.Release|Any CPU.Build.0 = Release|Any CPU
		{E9C6022E-4D8A-4041-9AB1-F48D6C8927C7}.Debug|Any CPU.ActiveCfg = Debug|Any CPU
		{E9C6022E-4D8A-4041-9AB1-F48D6C8927C7}.Debug|Any CPU.Build.0 = Debug|Any CPU
		{E9C6022E-4D8A-4041-9AB1-F48D6C8927C7}.Release|Any CPU.ActiveCfg = Release|Any CPU
		{E9C6022E-4D8A-4041-9AB1-F48D6C8927C7}.Release|Any CPU.Build.0 = Release|Any CPU
	EndGlobalSection
	GlobalSection(NestedProjects) = preSolution
		{734F40BF-E875-47F4-BE0E-C37D0D2B6578} = {4EFFFEFF-3E59-4C2C-8129-A068CC244A8B}
		{F7E117CE-740D-4725-8830-66DBCE0289B3} = {4EFFFEFF-3E59-4C2C-8129-A068CC244A8B}
		{6038FAF7-A62B-44F5-88E4-5B52070E687C} = {4EFFFEFF-3E59-4C2C-8129-A068CC244A8B}
		{9182FA90-77C0-429D-BA6A-E936260FFEB6} = {4EFFFEFF-3E59-4C2C-8129-A068CC244A8B}
		{F27646F3-CFA8-4B9B-A06D-5D6AE7BD99CE} = {4EFFFEFF-3E59-4C2C-8129-A068CC244A8B}
		{05E0404C-E738-462A-9046-ECD3B3DE5603} = {6EBCC9A6-B59D-4106-A6C9-75C8997DFC44}
		{D24C656B-8FB1-40D3-89E3-55C53CBD223D} = {6EBCC9A6-B59D-4106-A6C9-75C8997DFC44}
		{922333F4-B36F-4C1E-AF82-46FF928C8E05} = {6EBCC9A6-B59D-4106-A6C9-75C8997DFC44}
		{E9C6022E-4D8A-4041-9AB1-F48D6C8927C7} = {6EBCC9A6-B59D-4106-A6C9-75C8997DFC44}
	EndGlobalSection
EndGlobal
